
Microsoft Visual Studio Solution File, Format Version 12.00
# Visual Studio Version 17
VisualStudioVersion = 17.5.002.0
MinimumVisualStudioVersion = 10.0.40219.1
Project("{9A19103F-16F7-4668-BE54-9A1E7A4F7556}") = "softsolutions", "softsolutions.csproj", "{74CCA409-B851-4322-886E-2D29F5502118}"
EndProject
Global
	GlobalSection(SolutionConfigurationPlatforms) = preSolution
		Debug|Any CPU = Debug|Any CPU
		Release|Any CPU = Release|Any CPU
	EndGlobalSection
	GlobalSection(ProjectConfigurationPlatforms) = postSolution
		{74CCA409-B851-4322-886E-2D29F5502118}.Debug|Any CPU.ActiveCfg = Debug|Any CPU
		{74CCA409-B851-4322-886E-2D29F5502118}.Debug|Any CPU.Build.0 = Debug|Any CPU
		{74CCA409-B851-4322-886E-2D29F5502118}.Release|Any CPU.ActiveCfg = Release|Any CPU
		{74CCA409-B851-4322-886E-2D29F5502118}.Release|Any CPU.Build.0 = Release|Any CPU
	EndGlobalSection
	GlobalSection(SolutionProperties) = preSolution
		HideSolutionNode = FALSE
	EndGlobalSection
	GlobalSection(ExtensibilityGlobals) = postSolution
		SolutionGuid = {5F13B365-9439-4834-9215-2514050E3BD9}
	EndGlobalSection
EndGlobal
